
Microsoft Visual Studio Solution File, Format Version 12.00
# Visual Studio Version 17
VisualStudioVersion = 17.5.33627.172
MinimumVisualStudioVersion = 10.0.40219.1
Project("{9A19103F-16F7-4668-BE54-9A1E7A4F7556}") = "BulkyWeb", "BulkyWeb\BulkyWeb.csproj", "{D407164F-E1AF-41D1-AFB0-3C134C370564}"
EndProject
Project("{9A19103F-16F7-4668-BE54-9A1E7A4F7556}") = "BulkyWebRazor_Temp", "BulkyWebRazor_Temp\BulkyWebRazor_Temp.csproj", "{AC564CBA-2160-4D99-8D54-90E895FC0527}"
EndProject
Global
	GlobalSection(SolutionConfigurationPlatforms) = preSolution
		Debug|Any CPU = Debug|Any CPU
		Release|Any CPU = Release|Any CPU
	EndGlobalSection
	GlobalSection(ProjectConfigurationPlatforms) = postSolution
		{D407164F-E1AF-41D1-AFB0-3C134C370564}.Debug|Any CPU.ActiveCfg = Debug|Any CPU
		{D407164F-E1AF-41D1-AFB0-3C134C370564}.Debug|Any CPU.Build.0 = Debug|Any CPU
		{D407164F-E1AF-41D1-AFB0-3C134C370564}.Release|Any CPU.ActiveCfg = Release|Any CPU
		{D407164F-E1AF-41D1-AFB0-3C134C370564}.Release|Any CPU.Build.0 = Release|Any CPU
		{AC564CBA-2160-4D99-8D54-90E895FC0527}.Debug|Any CPU.ActiveCfg = Debug|Any CPU
		{AC564CBA-2160-4D99-8D54-90E895FC0527}.Debug|Any CPU.Build.0 = Debug|Any CPU
		{AC564CBA-2160-4D99-8D54-90E895FC0527}.Release|Any CPU.ActiveCfg = Release|Any CPU
		{AC564CBA-2160-4D99-8D54-90E895FC0527}.Release|Any CPU.Build.0 = Release|Any CPU
	EndGlobalSection
	GlobalSection(SolutionProperties) = preSolution
		HideSolutionNode = FALSE
	EndGlobalSection
	GlobalSection(ExtensibilityGlobals) = postSolution
		SolutionGuid = {6907B34F-4B47-4B0D-A213-608D53B58FF0}
	EndGlobalSection
EndGlobal
